
Microsoft Visual Studio Solution File, Format Version 12.00
# Visual Studio Version 16
VisualStudioVersion = 16.0.29215.179
MinimumVisualStudioVersion = 10.0.40219.1
Project("{8BC9CEB8-8B4A-11D0-8D11-00A0C91BC942}") = "raster2slpk", "..\examples\raster2slpk\raster2slpk.vcxproj", "{A074D22C-7E23-4942-A88D-7BB67EBC819A}"
EndProject
Project("{8BC9CEB8-8B4A-11D0-8D11-00A0C91BC942}") = "i3s", "i3s.vcxproj", "{EE10B2DD-058B-4AFD-A22F-A9FF4502A170}"
EndProject
Project("{8BC9CEB8-8B4A-11D0-8D11-00A0C91BC942}") = "i3s_static", "i3s_static.vcxproj", "{80E5286D-5359-4502-B64B-605598C0397F}"
EndProject
Global
	GlobalSection(SolutionConfigurationPlatforms) = preSolution
		Debug|x64 = Debug|x64
		Release|x64 = Release|x64
	EndGlobalSection
	GlobalSection(ProjectConfigurationPlatforms) = postSolution
		{EE10B2DD-058B-4AFD-A22F-A9FF4502A170}.Debug|x64.ActiveCfg = Debug|x64
		{EE10B2DD-058B-4AFD-A22F-A9FF4502A170}.Debug|x64.Build.0 = Debug|x64
		{EE10B2DD-058B-4AFD-A22F-A9FF4502A170}.Release|x64.ActiveCfg = Release|x64
		{EE10B2DD-058B-4AFD-A22F-A9FF4502A170}.Release|x64.Build.0 = Release|x64
		{80E5286D-5359-4502-B64B-605598C0397F}.Debug|x64.ActiveCfg = Debug|x64
		{80E5286D-5359-4502-B64B-605598C0397F}.Debug|x64.Build.0 = Debug|x64
		{80E5286D-5359-4502-B64B-605598C0397F}.Release|x64.ActiveCfg = Release|x64
		{80E5286D-5359-4502-B64B-605598C0397F}.Release|x64.Build.0 = Release|x64
		{A074D22C-7E23-4942-A88D-7BB67EBC819A}.Debug|x64.ActiveCfg = Debug|x64
		{A074D22C-7E23-4942-A88D-7BB67EBC819A}.Debug|x64.Build.0 = Debug|x64
		{A074D22C-7E23-4942-A88D-7BB67EBC819A}.Release|x64.ActiveCfg = Release|x64
		{A074D22C-7E23-4942-A88D-7BB67EBC819A}.Release|x64.Build.0 = Release|x64
	EndGlobalSection
	GlobalSection(SolutionProperties) = preSolution
		HideSolutionNode = FALSE
	EndGlobalSection
	GlobalSection(ExtensibilityGlobals) = postSolution
		SolutionGuid = {A2EDECE9-DE83-4A06-9714-55445B3236B9}
	EndGlobalSection
EndGlobal
